
Microsoft Visual Studio Solution File, Format Version 12.00
# Visual Studio Version 16
VisualStudioVersion = 16.0.31624.102
MinimumVisualStudioVersion = 10.0.40219.1
Project("{2150E333-8FDC-42A3-9474-1A3956D46DE8}") = "StoreApi", "StoreApi", "{268BA138-B851-4E29-81D6-7E7E095AB973}"
EndProject
Project("{2150E333-8FDC-42A3-9474-1A3956D46DE8}") = "src", "src", "{3C86963D-B3BE-418F-B6A5-FD1A4C1BC9B8}"
EndProject
Project("{2150E333-8FDC-42A3-9474-1A3956D46DE8}") = "tests", "tests", "{E733C6FA-F1CB-4B72-A26C-1B9328B2D5B4}"
EndProject
Project("{2150E333-8FDC-42A3-9474-1A3956D46DE8}") = "StoreApplication", "StoreApplication", "{15768993-6670-4D19-98E4-6BD346CC35CC}"
EndProject
Project("{2150E333-8FDC-42A3-9474-1A3956D46DE8}") = "StoreDomain", "StoreDomain", "{001BA6F0-780D-476D-9D0B-653C82928F39}"
EndProject
Project("{2150E333-8FDC-42A3-9474-1A3956D46DE8}") = "StoreInfrastructure", "StoreInfrastructure", "{CB329133-57F1-4724-8ECD-21CC46579C4C}"
EndProject
Project("{9A19103F-16F7-4668-BE54-9A1E7A4F7556}") = "StoreApi", "src\StoreApi\StoreApi.csproj", "{D7401184-1E47-46D1-AC29-CA5492B64113}"
EndProject
Project("{9A19103F-16F7-4668-BE54-9A1E7A4F7556}") = "Store.Application", "src\Store.Application\Store.Application.csproj", "{43CCE17A-465E-49C3-8981-73FB6C72772D}"
EndProject
Project("{9A19103F-16F7-4668-BE54-9A1E7A4F7556}") = "Store.Domain", "src\Store.Domain\Store.Domain.csproj", "{987E7B39-3865-45DB-B72E-37952243715E}"
EndProject
Project("{9A19103F-16F7-4668-BE54-9A1E7A4F7556}") = "Store.Infrastructure", "src\Store.Infrastructure\Store.Infrastructure.csproj", "{13D1C596-85FA-42A2-A591-10696F183CD4}"
EndProject
Project("{9A19103F-16F7-4668-BE54-9A1E7A4F7556}") = "Store.Application.Integration.Test", "tests\Store.Application.Integration.Test\Store.Application.Integration.Test.csproj", "{5AC7508F-C1DE-4F8F-BA07-41008DA65DD8}"
EndProject
Project("{9A19103F-16F7-4668-BE54-9A1E7A4F7556}") = "Store.Application.UnitTests", "tests\Store.Application.UnitTests\Store.Application.UnitTests.csproj", "{E0C81795-2565-4AB9-9329-57E5DE71B572}"
EndProject
Project("{2150E333-8FDC-42A3-9474-1A3956D46DE8}") = "StoregRPCServer", "StoregRPCServer", "{CB1E61FF-535E-4976-BEEE-696727D2F9DB}"
EndProject
Project("{FAE04EC0-301F-11D3-BF4B-00C04F79EFBC}") = "Store.gRPC.Server", "src\StoregRPCServer\Store.gRPC.Server\Store.gRPC.Server.csproj", "{08A84031-9F06-4FE2-8974-3F8B69492E95}"
EndProject
Global
	GlobalSection(SolutionConfigurationPlatforms) = preSolution
		Debug|Any CPU = Debug|Any CPU
		Release|Any CPU = Release|Any CPU
	EndGlobalSection
	GlobalSection(ProjectConfigurationPlatforms) = postSolution
		{D7401184-1E47-46D1-AC29-CA5492B64113}.Debug|Any CPU.ActiveCfg = Debug|Any CPU
		{D7401184-1E47-46D1-AC29-CA5492B64113}.Debug|Any CPU.Build.0 = Debug|Any CPU
		{D7401184-1E47-46D1-AC29-CA5492B64113}.Release|Any CPU.ActiveCfg = Release|Any CPU
		{D7401184-1E47-46D1-AC29-CA5492B64113}.Release|Any CPU.Build.0 = Release|Any CPU
		{43CCE17A-465E-49C3-8981-73FB6C72772D}.Debug|Any CPU.ActiveCfg = Debug|Any CPU
		{43CCE17A-465E-49C3-8981-73FB6C72772D}.Debug|Any CPU.Build.0 = Debug|Any CPU
		{43CCE17A-465E-49C3-8981-73FB6C72772D}.Release|Any CPU.ActiveCfg = Release|Any CPU
		{43CCE17A-465E-49C3-8981-73FB6C72772D}.Release|Any CPU.Build.0 = Release|Any CPU
		{987E7B39-3865-45DB-B72E-37952243715E}.Debug|Any CPU.ActiveCfg = Debug|Any CPU
		{987E7B39-3865-45DB-B72E-37952243715E}.Debug|Any CPU.Build.0 = Debug|Any CPU
		{987E7B39-3865-45DB-B72E-37952243715E}.Release|Any CPU.ActiveCfg = Release|Any CPU
		{987E7B39-3865-45DB-B72E-37952243715E}.Release|Any CPU.Build.0 = Release|Any CPU
		{13D1C596-85FA-42A2-A591-10696F183CD4}.Debug|Any CPU.ActiveCfg = Debug|Any CPU
		{13D1C596-85FA-42A2-A591-10696F183CD4}.Debug|Any CPU.Build.0 = Debug|Any CPU
		{13D1C596-85FA-42A2-A591-10696F183CD4}.Release|Any CPU.ActiveCfg = Release|Any CPU
		{13D1C596-85FA-42A2-A591-10696F183CD4}.Release|Any CPU.Build.0 = Release|Any CPU
		{5AC7508F-C1DE-4F8F-BA07-41008DA65DD8}.Debug|Any CPU.ActiveCfg = Debug|Any CPU
		{5AC7508F-C1DE-4F8F-BA07-41008DA65DD8}.Debug|Any CPU.Build.0 = Debug|Any CPU
		{5AC7508F-C1DE-4F8F-BA07-41008DA65DD8}.Release|Any CPU.ActiveCfg = Release|Any CPU
		{5AC7508F-C1DE-4F8F-BA07-41008DA65DD8}.Release|Any CPU.Build.0 = Release|Any CPU
		{E0C81795-2565-4AB9-9329-57E5DE71B572}.Debug|Any CPU.ActiveCfg = Debug|Any CPU
		{E0C81795-2565-4AB9-9329-57E5DE71B572}.Debug|Any CPU.Build.0 = Debug|Any CPU
		{E0C81795-2565-4AB9-9329-57E5DE71B572}.Release|Any CPU.ActiveCfg = Release|Any CPU
		{E0C81795-2565-4AB9-9329-57E5DE71B572}.Release|Any CPU.Build.0 = Release|Any CPU
		{08A84031-9F06-4FE2-8974-3F8B69492E95}.Debug|Any CPU.ActiveCfg = Debug|Any CPU
		{08A84031-9F06-4FE2-8974-3F8B69492E95}.Debug|Any CPU.Build.0 = Debug|Any CPU
		{08A84031-9F06-4FE2-8974-3F8B69492E95}.Release|Any CPU.ActiveCfg = Release|Any CPU
		{08A84031-9F06-4FE2-8974-3F8B69492E95}.Release|Any CPU.Build.0 = Release|Any CPU
	EndGlobalSection
	GlobalSection(SolutionProperties) = preSolution
		HideSolutionNode = FALSE
	EndGlobalSection
	GlobalSection(NestedProjects) = preSolution
		{268BA138-B851-4E29-81D6-7E7E095AB973} = {3C86963D-B3BE-418F-B6A5-FD1A4C1BC9B8}
		{15768993-6670-4D19-98E4-6BD346CC35CC} = {3C86963D-B3BE-418F-B6A5-FD1A4C1BC9B8}
		{001BA6F0-780D-476D-9D0B-653C82928F39} = {3C86963D-B3BE-418F-B6A5-FD1A4C1BC9B8}
		{CB329133-57F1-4724-8ECD-21CC46579C4C} = {3C86963D-B3BE-418F-B6A5-FD1A4C1BC9B8}
		{D7401184-1E47-46D1-AC29-CA5492B64113} = {268BA138-B851-4E29-81D6-7E7E095AB973}
		{43CCE17A-465E-49C3-8981-73FB6C72772D} = {15768993-6670-4D19-98E4-6BD346CC35CC}
		{987E7B39-3865-45DB-B72E-37952243715E} = {001BA6F0-780D-476D-9D0B-653C82928F39}
		{13D1C596-85FA-42A2-A591-10696F183CD4} = {CB329133-57F1-4724-8ECD-21CC46579C4C}
		{5AC7508F-C1DE-4F8F-BA07-41008DA65DD8} = {E733C6FA-F1CB-4B72-A26C-1B9328B2D5B4}
		{E0C81795-2565-4AB9-9329-57E5DE71B572} = {E733C6FA-F1CB-4B72-A26C-1B9328B2D5B4}
		{CB1E61FF-535E-4976-BEEE-696727D2F9DB} = {3C86963D-B3BE-418F-B6A5-FD1A4C1BC9B8}
		{08A84031-9F06-4FE2-8974-3F8B69492E95} = {CB1E61FF-535E-4976-BEEE-696727D2F9DB}
	EndGlobalSection
	GlobalSection(ExtensibilityGlobals) = postSolution
		SolutionGuid = {B61D7854-F539-433B-B70B-983865BAB6E4}
	EndGlobalSection
EndGlobal
